
Microsoft Visual Studio Solution File, Format Version 12.00
# Visual Studio 2012
Project("{FAE04EC0-301F-11D3-BF4B-00C04F79EFBC}") = "Slider_OverrideDisabledResources", "Slider_OverrideDisabledResources\Slider_OverrideDisabledResources.csproj", "{16D50662-82C4-4B21-9351-90A0D599F57A}"
EndProject
Global
	GlobalSection(SolutionConfigurationPlatforms) = preSolution
		Debug|Any CPU = Debug|Any CPU
		Debug|ARM = Debug|ARM
		Debug|x64 = Debug|x64
		Debug|x86 = Debug|x86
		Release|Any CPU = Release|Any CPU
		Release|ARM = Release|ARM
		Release|x64 = Release|x64
		Release|x86 = Release|x86
	EndGlobalSection
	GlobalSection(ProjectConfigurationPlatforms) = postSolution
		{16D50662-82C4-4B21-9351-90A0D599F57A}.Debug|Any CPU.ActiveCfg = Debug|Any CPU
		{16D50662-82C4-4B21-9351-90A0D599F57A}.Debug|Any CPU.Build.0 = Debug|Any CPU
		{16D50662-82C4-4B21-9351-90A0D599F57A}.Debug|Any CPU.Deploy.0 = Debug|Any CPU
		{16D50662-82C4-4B21-9351-90A0D599F57A}.Debug|ARM.ActiveCfg = Debug|ARM
		{16D50662-82C4-4B21-9351-90A0D599F57A}.Debug|ARM.Build.0 = Debug|ARM
		{16D50662-82C4-4B21-9351-90A0D599F57A}.Debug|ARM.Deploy.0 = Debug|ARM
		{16D50662-82C4-4B21-9351-90A0D599F57A}.Debug|x64.ActiveCfg = Debug|x64
		{16D50662-82C4-4B21-9351-90A0D599F57A}.Debug|x64.Build.0 = Debug|x64
		{16D50662-82C4-4B21-9351-90A0D599F57A}.Debug|x64.Deploy.0 = Debug|x64
		{16D50662-82C4-4B21-9351-90A0D599F57A}.Debug|x86.ActiveCfg = Debug|x86
		{16D50662-82C4-4B21-9351-90A0D599F57A}.Debug|x86.Build.0 = Debug|x86
		{16D50662-82C4-4B21-9351-90A0D599F57A}.Debug|x86.Deploy.0 = Debug|x86
		{16D50662-82C4-4B21-9351-90A0D599F57A}.Release|Any CPU.ActiveCfg = Release|Any CPU
		{16D50662-82C4-4B21-9351-90A0D599F57A}.Release|Any CPU.Build.0 = Release|Any CPU
		{16D50662-82C4-4B21-9351-90A0D599F57A}.Release|Any CPU.Deploy.0 = Release|Any CPU
		{16D50662-82C4-4B21-9351-90A0D599F57A}.Release|ARM.ActiveCfg = Release|ARM
		{16D50662-82C4-4B21-9351-90A0D599F57A}.Release|ARM.Build.0 = Release|ARM
		{16D50662-82C4-4B21-9351-90A0D599F57A}.Release|ARM.Deploy.0 = Release|ARM
		{16D50662-82C4-4B21-9351-90A0D599F57A}.Release|x64.ActiveCfg = Release|x64
		{16D50662-82C4-4B21-9351-90A0D599F57A}.Release|x64.Build.0 = Release|x64
		{16D50662-82C4-4B21-9351-90A0D599F57A}.Release|x64.Deploy.0 = Release|x64
		{16D50662-82C4-4B21-9351-90A0D599F57A}.Release|x86.ActiveCfg = Release|x86
		{16D50662-82C4-4B21-9351-90A0D599F57A}.Release|x86.Build.0 = Release|x86
		{16D50662-82C4-4B21-9351-90A0D599F57A}.Release|x86.Deploy.0 = Release|x86
	EndGlobalSection
	GlobalSection(SolutionProperties) = preSolution
		HideSolutionNode = FALSE
	EndGlobalSection
EndGlobal
